// !$*UTF8*$!
{
	archiveVersion = 1;
	classes = {
	};
	objectVersion = 56;
	objects = {

/* Begin PBXBuildFile section */
		02FE9B202AC93C5200BE555E /* PatternStoreApp.swift in Sources */ = {isa = PBXBuildFile; fileRef = 02FE9B1F2AC93C5200BE555E /* PatternStoreApp.swift */; };
		02FE9B222AC93C5200BE555E /* ContentView.swift in Sources */ = {isa = PBXBuildFile; fileRef = 02FE9B212AC93C5200BE555E /* ContentView.swift */; };
		02FE9B242AC93C5300BE555E /* Assets.xcassets in Resources */ = {isa = PBXBuildFile; fileRef = 02FE9B232AC93C5300BE555E /* Assets.xcassets */; };
		02FE9B272AC93C5300BE555E /* Preview Assets.xcassets in Resources */ = {isa = PBXBuildFile; fileRef = 02FE9B262AC93C5300BE555E /* Preview Assets.xcassets */; };
		02FE9B312AC93C5400BE555E /* PatternStoreTests.swift in Sources */ = {isa = PBXBuildFile; fileRef = 02FE9B302AC93C5400BE555E /* PatternStoreTests.swift */; };
		02FE9B3B2AC93C5400BE555E /* PatternStoreUITests.swift in Sources */ = {isa = PBXBuildFile; fileRef = 02FE9B3A2AC93C5400BE555E /* PatternStoreUITests.swift */; };
		02FE9B3D2AC93C5400BE555E /* PatternStoreUITestsLaunchTests.swift in Sources */ = {isa = PBXBuildFile; fileRef = 02FE9B3C2AC93C5400BE555E /* PatternStoreUITestsLaunchTests.swift */; };
		02FE9B512AC93E0100BE555E /* LoginView.swift in Sources */ = {isa = PBXBuildFile; fileRef = 02FE9B502AC93E0100BE555E /* LoginView.swift */; };
		02FE9B532AC948A100BE555E /* InputView.swift in Sources */ = {isa = PBXBuildFile; fileRef = 02FE9B522AC948A100BE555E /* InputView.swift */; };
		02FE9B552AC953C600BE555E /* TriangleView.swift in Sources */ = {isa = PBXBuildFile; fileRef = 02FE9B542AC953C600BE555E /* TriangleView.swift */; };
		02FE9B572AC972DD00BE555E /* RegistrationView.swift in Sources */ = {isa = PBXBuildFile; fileRef = 02FE9B562AC972DD00BE555E /* RegistrationView.swift */; };
		02FE9B592AC9773B00BE555E /* ProfileView.swift in Sources */ = {isa = PBXBuildFile; fileRef = 02FE9B582AC9773B00BE555E /* ProfileView.swift */; };
		02FE9B5B2AC97D2000BE555E /* SettingsRowView.swift in Sources */ = {isa = PBXBuildFile; fileRef = 02FE9B5A2AC97D2000BE555E /* SettingsRowView.swift */; };
		02FE9B5D2AC97F9800BE555E /* User.swift in Sources */ = {isa = PBXBuildFile; fileRef = 02FE9B5C2AC97F9800BE555E /* User.swift */; };
/* End PBXBuildFile section */

/* Begin PBXContainerItemProxy section */
		02FE9B2D2AC93C5400BE555E /* PBXContainerItemProxy */ = {
			isa = PBXContainerItemProxy;
			containerPortal = 02FE9B142AC93C5200BE555E /* Project object */;
			proxyType = 1;
			remoteGlobalIDString = 02FE9B1B2AC93C5200BE555E;
			remoteInfo = PatternStore;
		};
		02FE9B372AC93C5400BE555E /* PBXContainerItemProxy */ = {
			isa = PBXContainerItemProxy;
			containerPortal = 02FE9B142AC93C5200BE555E /* Project object */;
			proxyType = 1;
			remoteGlobalIDString = 02FE9B1B2AC93C5200BE555E;
			remoteInfo = PatternStore;
		};
/* End PBXContainerItemProxy section */

/* Begin PBXFileReference section */
		02FE9B1C2AC93C5200BE555E /* PatternStore.app */ = {isa = PBXFileReference; explicitFileType = wrapper.application; includeInIndex = 0; path = PatternStore.app; sourceTree = BUILT_PRODUCTS_DIR; };
		02FE9B1F2AC93C5200BE555E /* PatternStoreApp.swift */ = {isa = PBXFileReference; lastKnownFileType = sourcecode.swift; path = PatternStoreApp.swift; sourceTree = "<group>"; };
		02FE9B212AC93C5200BE555E /* ContentView.swift */ = {isa = PBXFileReference; lastKnownFileType = sourcecode.swift; path = ContentView.swift; sourceTree = "<group>"; };
		02FE9B232AC93C5300BE555E /* Assets.xcassets */ = {isa = PBXFileReference; lastKnownFileType = folder.assetcatalog; path = Assets.xcassets; sourceTree = "<group>"; };
		02FE9B262AC93C5300BE555E /* Preview Assets.xcassets */ = {isa = PBXFileReference; lastKnownFileType = folder.assetcatalog; path = "Preview Assets.xcassets"; sourceTree = "<group>"; };
		02FE9B2C2AC93C5400BE555E /* PatternStoreTests.xctest */ = {isa = PBXFileReference; explicitFileType = wrapper.cfbundle; includeInIndex = 0; path = PatternStoreTests.xctest; sourceTree = BUILT_PRODUCTS_DIR; };
		02FE9B302AC93C5400BE555E /* PatternStoreTests.swift */ = {isa = PBXFileReference; lastKnownFileType = sourcecode.swift; path = PatternStoreTests.swift; sourceTree = "<group>"; };
		02FE9B362AC93C5400BE555E /* PatternStoreUITests.xctest */ = {isa = PBXFileReference; explicitFileType = wrapper.cfbundle; includeInIndex = 0; path = PatternStoreUITests.xctest; sourceTree = BUILT_PRODUCTS_DIR; };
		02FE9B3A2AC93C5400BE555E /* PatternStoreUITests.swift */ = {isa = PBXFileReference; lastKnownFileType = sourcecode.swift; path = PatternStoreUITests.swift; sourceTree = "<group>"; };
		02FE9B3C2AC93C5400BE555E /* PatternStoreUITestsLaunchTests.swift */ = {isa = PBXFileReference; lastKnownFileType = sourcecode.swift; path = PatternStoreUITestsLaunchTests.swift; sourceTree = "<group>"; };
		02FE9B502AC93E0100BE555E /* LoginView.swift */ = {isa = PBXFileReference; lastKnownFileType = sourcecode.swift; path = LoginView.swift; sourceTree = "<group>"; };
		02FE9B522AC948A100BE555E /* InputView.swift */ = {isa = PBXFileReference; lastKnownFileType = sourcecode.swift; path = InputView.swift; sourceTree = "<group>"; };
		02FE9B542AC953C600BE555E /* TriangleView.swift */ = {isa = PBXFileReference; lastKnownFileType = sourcecode.swift; path = TriangleView.swift; sourceTree = "<group>"; };
		02FE9B562AC972DD00BE555E /* RegistrationView.swift */ = {isa = PBXFileReference; lastKnownFileType = sourcecode.swift; path = RegistrationView.swift; sourceTree = "<group>"; };
		02FE9B582AC9773B00BE555E /* ProfileView.swift */ = {isa = PBXFileReference; lastKnownFileType = sourcecode.swift; path = ProfileView.swift; sourceTree = "<group>"; };
		02FE9B5A2AC97D2000BE555E /* SettingsRowView.swift */ = {isa = PBXFileReference; lastKnownFileType = sourcecode.swift; path = SettingsRowView.swift; sourceTree = "<group>"; };
		02FE9B5C2AC97F9800BE555E /* User.swift */ = {isa = PBXFileReference; lastKnownFileType = sourcecode.swift; path = User.swift; sourceTree = "<group>"; };
/* End PBXFileReference section */

/* Begin PBXFrameworksBuildPhase section */
		02FE9B192AC93C5200BE555E /* Frameworks */ = {
			isa = PBXFrameworksBuildPhase;
			buildActionMask = 2147483647;
			files = (
			);
			runOnlyForDeploymentPostprocessing = 0;
		};
		02FE9B292AC93C5400BE555E /* Frameworks */ = {
			isa = PBXFrameworksBuildPhase;
			buildActionMask = 2147483647;
			files = (
			);
			runOnlyForDeploymentPostprocessing = 0;
		};
		02FE9B332AC93C5400BE555E /* Frameworks */ = {
			isa = PBXFrameworksBuildPhase;
			buildActionMask = 2147483647;
			files = (
			);
			runOnlyForDeploymentPostprocessing = 0;
		};
/* End PBXFrameworksBuildPhase section */

/* Begin PBXGroup section */
		02FE9B132AC93C5200BE555E = {
			isa = PBXGroup;
			children = (
				02FE9B1E2AC93C5200BE555E /* PatternStore */,
				02FE9B2F2AC93C5400BE555E /* PatternStoreTests */,
				02FE9B392AC93C5400BE555E /* PatternStoreUITests */,
				02FE9B1D2AC93C5200BE555E /* Products */,
			);
			sourceTree = "<group>";
		};
		02FE9B1D2AC93C5200BE555E /* Products */ = {
			isa = PBXGroup;
			children = (
				02FE9B1C2AC93C5200BE555E /* PatternStore.app */,
				02FE9B2C2AC93C5400BE555E /* PatternStoreTests.xctest */,
				02FE9B362AC93C5400BE555E /* PatternStoreUITests.xctest */,
			);
			name = Products;
			sourceTree = "<group>";
		};
		02FE9B1E2AC93C5200BE555E /* PatternStore */ = {
			isa = PBXGroup;
			children = (
				02FE9B492AC93CB400BE555E /* App */,
				02FE9B4B2AC93CD200BE555E /* Core */,
				02FE9B4A2AC93CC400BE555E /* Components */,
				02FE9B4C2AC93CDB00BE555E /* Model */,
				02FE9B232AC93C5300BE555E /* Assets.xcassets */,
				02FE9B252AC93C5300BE555E /* Preview Content */,
			);
			path = PatternStore;
			sourceTree = "<group>";
		};
		02FE9B252AC93C5300BE555E /* Preview Content */ = {
			isa = PBXGroup;
			children = (
				02FE9B262AC93C5300BE555E /* Preview Assets.xcassets */,
			);
			path = "Preview Content";
			sourceTree = "<group>";
		};
		02FE9B2F2AC93C5400BE555E /* PatternStoreTests */ = {
			isa = PBXGroup;
			children = (
				02FE9B302AC93C5400BE555E /* PatternStoreTests.swift */,
			);
			path = PatternStoreTests;
			sourceTree = "<group>";
		};
		02FE9B392AC93C5400BE555E /* PatternStoreUITests */ = {
			isa = PBXGroup;
			children = (
				02FE9B3A2AC93C5400BE555E /* PatternStoreUITests.swift */,
				02FE9B3C2AC93C5400BE555E /* PatternStoreUITestsLaunchTests.swift */,
			);
			path = PatternStoreUITests;
			sourceTree = "<group>";
		};
		02FE9B492AC93CB400BE555E /* App */ = {
			isa = PBXGroup;
			children = (
				02FE9B1F2AC93C5200BE555E /* PatternStoreApp.swift */,
			);
			path = App;
			sourceTree = "<group>";
		};
		02FE9B4A2AC93CC400BE555E /* Components */ = {
			isa = PBXGroup;
			children = (
				02FE9B522AC948A100BE555E /* InputView.swift */,
				02FE9B542AC953C600BE555E /* TriangleView.swift */,
				02FE9B5A2AC97D2000BE555E /* SettingsRowView.swift */,
			);
			path = Components;
			sourceTree = "<group>";
		};
		02FE9B4B2AC93CD200BE555E /* Core */ = {
			isa = PBXGroup;
			children = (
				02FE9B4E2AC93D9200BE555E /* Authentication */,
				02FE9B4F2AC93DA500BE555E /* Profile */,
				02FE9B4D2AC93D4500BE555E /* Root */,
			);
			path = Core;
			sourceTree = "<group>";
		};
		02FE9B4C2AC93CDB00BE555E /* Model */ = {
			isa = PBXGroup;
			children = (
				02FE9B5C2AC97F9800BE555E /* User.swift */,
			);
			path = Model;
			sourceTree = "<group>";
		};
		02FE9B4D2AC93D4500BE555E /* Root */ = {
			isa = PBXGroup;
			children = (
				02FE9B212AC93C5200BE555E /* ContentView.swift */,
			);
			path = Root;
			sourceTree = "<group>";
		};
		02FE9B4E2AC93D9200BE555E /* Authentication */ = {
			isa = PBXGroup;
			children = (
				02FE9B502AC93E0100BE555E /* LoginView.swift */,
				02FE9B562AC972DD00BE555E /* RegistrationView.swift */,
			);
			path = Authentication;
			sourceTree = "<group>";
		};
		02FE9B4F2AC93DA500BE555E /* Profile */ = {
			isa = PBXGroup;
			children = (
				02FE9B582AC9773B00BE555E /* ProfileView.swift */,
			);
			path = Profile;
			sourceTree = "<group>";
		};
/* End PBXGroup section */

/* Begin PBXNativeTarget section */
		02FE9B1B2AC93C5200BE555E /* PatternStore */ = {
			isa = PBXNativeTarget;
			buildConfigurationList = 02FE9B402AC93C5400BE555E /* Build configuration list for PBXNativeTarget "PatternStore" */;
			buildPhases = (
				02FE9B182AC93C5200BE555E /* Sources */,
				02FE9B192AC93C5200BE555E /* Frameworks */,
				02FE9B1A2AC93C5200BE555E /* Resources */,
			);
			buildRules = (
			);
			dependencies = (
			);
			name = PatternStore;
			productName = PatternStore;
			productReference = 02FE9B1C2AC93C5200BE555E /* PatternStore.app */;
			productType = "com.apple.product-type.application";
		};
		02FE9B2B2AC93C5400BE555E /* PatternStoreTests */ = {
			isa = PBXNativeTarget;
			buildConfigurationList = 02FE9B432AC93C5400BE555E /* Build configuration list for PBXNativeTarget "PatternStoreTests" */;
			buildPhases = (
				02FE9B282AC93C5400BE555E /* Sources */,
				02FE9B292AC93C5400BE555E /* Frameworks */,
				02FE9B2A2AC93C5400BE555E /* Resources */,
			);
			buildRules = (
			);
			dependencies = (
				02FE9B2E2AC93C5400BE555E /* PBXTargetDependency */,
			);
			name = PatternStoreTests;
			productName = PatternStoreTests;
			productReference = 02FE9B2C2AC93C5400BE555E /* PatternStoreTests.xctest */;
			productType = "com.apple.product-type.bundle.unit-test";
		};
		02FE9B352AC93C5400BE555E /* PatternStoreUITests */ = {
			isa = PBXNativeTarget;
			buildConfigurationList = 02FE9B462AC93C5400BE555E /* Build configuration list for PBXNativeTarget "PatternStoreUITests" */;
			buildPhases = (
				02FE9B322AC93C5400BE555E /* Sources */,
				02FE9B332AC93C5400BE555E /* Frameworks */,
				02FE9B342AC93C5400BE555E /* Resources */,
			);
			buildRules = (
			);
			dependencies = (
				02FE9B382AC93C5400BE555E /* PBXTargetDependency */,
			);
			name = PatternStoreUITests;
			productName = PatternStoreUITests;
			productReference = 02FE9B362AC93C5400BE555E /* PatternStoreUITests.xctest */;
			productType = "com.apple.product-type.bundle.ui-testing";
		};
/* End PBXNativeTarget section */

/* Begin PBXProject section */
		02FE9B142AC93C5200BE555E /* Project object */ = {
			isa = PBXProject;
			attributes = {
				BuildIndependentTargetsInParallel = 1;
				LastSwiftUpdateCheck = 1430;
				LastUpgradeCheck = 1430;
				TargetAttributes = {
					02FE9B1B2AC93C5200BE555E = {
						CreatedOnToolsVersion = 14.3.1;
					};
					02FE9B2B2AC93C5400BE555E = {
						CreatedOnToolsVersion = 14.3.1;
						TestTargetID = 02FE9B1B2AC93C5200BE555E;
					};
					02FE9B352AC93C5400BE555E = {
						CreatedOnToolsVersion = 14.3.1;
						TestTargetID = 02FE9B1B2AC93C5200BE555E;
					};
				};
			};
			buildConfigurationList = 02FE9B172AC93C5200BE555E /* Build configuration list for PBXProject "PatternStore" */;
			compatibilityVersion = "Xcode 14.0";
			developmentRegion = en;
			hasScannedForEncodings = 0;
			knownRegions = (
				en,
				Base,
			);
			mainGroup = 02FE9B132AC93C5200BE555E;
			productRefGroup = 02FE9B1D2AC93C5200BE555E /* Products */;
			projectDirPath = "";
			projectRoot = "";
			targets = (
				02FE9B1B2AC93C5200BE555E /* PatternStore */,
				02FE9B2B2AC93C5400BE555E /* PatternStoreTests */,
				02FE9B352AC93C5400BE555E /* PatternStoreUITests */,
			);
		};
/* End PBXProject section */

/* Begin PBXResourcesBuildPhase section */
		02FE9B1A2AC93C5200BE555E /* Resources */ = {
			isa = PBXResourcesBuildPhase;
			buildActionMask = 2147483647;
			files = (
				02FE9B272AC93C5300BE555E /* Preview Assets.xcassets in Resources */,
				02FE9B242AC93C5300BE555E /* Assets.xcassets in Resources */,
			);
			runOnlyForDeploymentPostprocessing = 0;
		};
		02FE9B2A2AC93C5400BE555E /* Resources */ = {
			isa = PBXResourcesBuildPhase;
			buildActionMask = 2147483647;
			files = (
			);
			runOnlyForDeploymentPostprocessing = 0;
		};
		02FE9B342AC93C5400BE555E /* Resources */ = {
			isa = PBXResourcesBuildPhase;
			buildActionMask = 2147483647;
			files = (
			);
			runOnlyForDeploymentPostprocessing = 0;
		};
/* End PBXResourcesBuildPhase section */

/* Begin PBXSourcesBuildPhase section */
		02FE9B182AC93C5200BE555E /* Sources */ = {
			isa = PBXSourcesBuildPhase;
			buildActionMask = 2147483647;
			files = (
				02FE9B552AC953C600BE555E /* TriangleView.swift in Sources */,
				02FE9B512AC93E0100BE555E /* LoginView.swift in Sources */,
				02FE9B532AC948A100BE555E /* InputView.swift in Sources */,
				02FE9B572AC972DD00BE555E /* RegistrationView.swift in Sources */,
				02FE9B5B2AC97D2000BE555E /* SettingsRowView.swift in Sources */,
				02FE9B5D2AC97F9800BE555E /* User.swift in Sources */,
				02FE9B222AC93C5200BE555E /* ContentView.swift in Sources */,
				02FE9B592AC9773B00BE555E /* ProfileView.swift in Sources */,
				02FE9B202AC93C5200BE555E /* PatternStoreApp.swift in Sources */,
			);
			runOnlyForDeploymentPostprocessing = 0;
		};
		02FE9B282AC93C5400BE555E /* Sources */ = {
			isa = PBXSourcesBuildPhase;
			buildActionMask = 2147483647;
			files = (
				02FE9B312AC93C5400BE555E /* PatternStoreTests.swift in Sources */,
			);
			runOnlyForDeploymentPostprocessing = 0;
		};
		02FE9B322AC93C5400BE555E /* Sources */ = {
			isa = PBXSourcesBuildPhase;
			buildActionMask = 2147483647;
			files = (
				02FE9B3B2AC93C5400BE555E /* PatternStoreUITests.swift in Sources */,
				02FE9B3D2AC93C5400BE555E /* PatternStoreUITestsLaunchTests.swift in Sources */,
			);
			runOnlyForDeploymentPostprocessing = 0;
		};
/* End PBXSourcesBuildPhase section */

/* Begin PBXTargetDependency section */
		02FE9B2E2AC93C5400BE555E /* PBXTargetDependency */ = {
			isa = PBXTargetDependency;
			target = 02FE9B1B2AC93C5200BE555E /* PatternStore */;
			targetProxy = 02FE9B2D2AC93C5400BE555E /* PBXContainerItemProxy */;
		};
		02FE9B382AC93C5400BE555E /* PBXTargetDependency */ = {
			isa = PBXTargetDependency;
			target = 02FE9B1B2AC93C5200BE555E /* PatternStore */;
			targetProxy = 02FE9B372AC93C5400BE555E /* PBXContainerItemProxy */;
		};
/* End PBXTargetDependency section */

/* Begin XCBuildConfiguration section */
		02FE9B3E2AC93C5400BE555E /* Debug */ = {
			isa = XCBuildConfiguration;
			buildSettings = {
				ALWAYS_SEARCH_USER_PATHS = NO;
				CLANG_ANALYZER_NONNULL = YES;
				CLANG_ANALYZER_NUMBER_OBJECT_CONVERSION = YES_AGGRESSIVE;
				CLANG_CXX_LANGUAGE_STANDARD = "gnu++20";
				CLANG_ENABLE_MODULES = YES;
				CLANG_ENABLE_OBJC_ARC = YES;
				CLANG_ENABLE_OBJC_WEAK = YES;
				CLANG_WARN_BLOCK_CAPTURE_AUTORELEASING = YES;
				CLANG_WARN_BOOL_CONVERSION = YES;
				CLANG_WARN_COMMA = YES;
				CLANG_WARN_CONSTANT_CONVERSION = YES;
				CLANG_WARN_DEPRECATED_OBJC_IMPLEMENTATIONS = YES;
				CLANG_WARN_DIRECT_OBJC_ISA_USAGE = YES_ERROR;
				CLANG_WARN_DOCUMENTATION_COMMENTS = YES;
				CLANG_WARN_EMPTY_BODY = YES;
				CLANG_WARN_ENUM_CONVERSION = YES;
				CLANG_WARN_INFINITE_RECURSION = YES;
				CLANG_WARN_INT_CONVERSION = YES;
				CLANG_WARN_NON_LITERAL_NULL_CONVERSION = YES;
				CLANG_WARN_OBJC_IMPLICIT_RETAIN_SELF = YES;
				CLANG_WARN_OBJC_LITERAL_CONVERSION = YES;
				CLANG_WARN_OBJC_ROOT_CLASS = YES_ERROR;
				CLANG_WARN_QUOTED_INCLUDE_IN_FRAMEWORK_HEADER = YES;
				CLANG_WARN_RANGE_LOOP_ANALYSIS = YES;
				CLANG_WARN_STRICT_PROTOTYPES = YES;
				CLANG_WARN_SUSPICIOUS_MOVE = YES;
				CLANG_WARN_UNGUARDED_AVAILABILITY = YES_AGGRESSIVE;
				CLANG_WARN_UNREACHABLE_CODE = YES;
				CLANG_WARN__DUPLICATE_METHOD_MATCH = YES;
				COPY_PHASE_STRIP = NO;
				DEBUG_INFORMATION_FORMAT = dwarf;
				ENABLE_STRICT_OBJC_MSGSEND = YES;
				ENABLE_TESTABILITY = YES;
				GCC_C_LANGUAGE_STANDARD = gnu11;
				GCC_DYNAMIC_NO_PIC = NO;
				GCC_NO_COMMON_BLOCKS = YES;
				GCC_OPTIMIZATION_LEVEL = 0;
				GCC_PREPROCESSOR_DEFINITIONS = (
					"DEBUG=1",
					"$(inherited)",
				);
				GCC_WARN_64_TO_32_BIT_CONVERSION = YES;
				GCC_WARN_ABOUT_RETURN_TYPE = YES_ERROR;
				GCC_WARN_UNDECLARED_SELECTOR = YES;
				GCC_WARN_UNINITIALIZED_AUTOS = YES_AGGRESSIVE;
				GCC_WARN_UNUSED_FUNCTION = YES;
				GCC_WARN_UNUSED_VARIABLE = YES;
				IPHONEOS_DEPLOYMENT_TARGET = 16.4;
				MTL_ENABLE_DEBUG_INFO = INCLUDE_SOURCE;
				MTL_FAST_MATH = YES;
				ONLY_ACTIVE_ARCH = YES;
				SDKROOT = iphoneos;
				SWIFT_ACTIVE_COMPILATION_CONDITIONS = DEBUG;
				SWIFT_OPTIMIZATION_LEVEL = "-Onone";
			};
			name = Debug;
		};
		02FE9B3F2AC93C5400BE555E /* Release */ = {
			isa = XCBuildConfiguration;
			buildSettings = {
				ALWAYS_SEARCH_USER_PATHS = NO;
				CLANG_ANALYZER_NONNULL = YES;
				CLANG_ANALYZER_NUMBER_OBJECT_CONVERSION = YES_AGGRESSIVE;
				CLANG_CXX_LANGUAGE_STANDARD = "gnu++20";
				CLANG_ENABLE_MODULES = YES;
				CLANG_ENABLE_OBJC_ARC = YES;
				CLANG_ENABLE_OBJC_WEAK = YES;
				CLANG_WARN_BLOCK_CAPTURE_AUTORELEASING = YES;
				CLANG_WARN_BOOL_CONVERSION = YES;
				CLANG_WARN_COMMA = YES;
				CLANG_WARN_CONSTANT_CONVERSION = YES;
				CLANG_WARN_DEPRECATED_OBJC_IMPLEMENTATIONS = YES;
				CLANG_WARN_DIRECT_OBJC_ISA_USAGE = YES_ERROR;
				CLANG_WARN_DOCUMENTATION_COMMENTS = YES;
				CLANG_WARN_EMPTY_BODY = YES;
				CLANG_WARN_ENUM_CONVERSION = YES;
				CLANG_WARN_INFINITE_RECURSION = YES;
				CLANG_WARN_INT_CONVERSION = YES;
				CLANG_WARN_NON_LITERAL_NULL_CONVERSION = YES;
				CLANG_WARN_OBJC_IMPLICIT_RETAIN_SELF = YES;
				CLANG_WARN_OBJC_LITERAL_CONVERSION = YES;
				CLANG_WARN_OBJC_ROOT_CLASS = YES_ERROR;
				CLANG_WARN_QUOTED_INCLUDE_IN_FRAMEWORK_HEADER = YES;
				CLANG_WARN_RANGE_LOOP_ANALYSIS = YES;
				CLANG_WARN_STRICT_PROTOTYPES = YES;
				CLANG_WARN_SUSPICIOUS_MOVE = YES;
				CLANG_WARN_UNGUARDED_AVAILABILITY = YES_AGGRESSIVE;
				CLANG_WARN_UNREACHABLE_CODE = YES;
				CLANG_WARN__DUPLICATE_METHOD_MATCH = YES;
				COPY_PHASE_STRIP = NO;
				DEBUG_INFORMATION_FORMAT = "dwarf-with-dsym";
				ENABLE_NS_ASSERTIONS = NO;
				ENABLE_STRICT_OBJC_MSGSEND = YES;
				GCC_C_LANGUAGE_STANDARD = gnu11;
				GCC_NO_COMMON_BLOCKS = YES;
				GCC_WARN_64_TO_32_BIT_CONVERSION = YES;
				GCC_WARN_ABOUT_RETURN_TYPE = YES_ERROR;
				GCC_WARN_UNDECLARED_SELECTOR = YES;
				GCC_WARN_UNINITIALIZED_AUTOS = YES_AGGRESSIVE;
				GCC_WARN_UNUSED_FUNCTION = YES;
				GCC_WARN_UNUSED_VARIABLE = YES;
				IPHONEOS_DEPLOYMENT_TARGET = 16.4;
				MTL_ENABLE_DEBUG_INFO = NO;
				MTL_FAST_MATH = YES;
				SDKROOT = iphoneos;
				SWIFT_COMPILATION_MODE = wholemodule;
				SWIFT_OPTIMIZATION_LEVEL = "-O";
				VALIDATE_PRODUCT = YES;
			};
			name = Release;
		};
		02FE9B412AC93C5400BE555E /* Debug */ = {
			isa = XCBuildConfiguration;
			buildSettings = {
				ASSETCATALOG_COMPILER_APPICON_NAME = AppIcon;
				ASSETCATALOG_COMPILER_GLOBAL_ACCENT_COLOR_NAME = AccentColor;
				CODE_SIGN_STYLE = Automatic;
				CURRENT_PROJECT_VERSION = 1;
				DEVELOPMENT_ASSET_PATHS = "\"PatternStore/Preview Content\"";
				DEVELOPMENT_TEAM = 2L568N4PXS;
				ENABLE_PREVIEWS = YES;
				GENERATE_INFOPLIST_FILE = YES;
				INFOPLIST_KEY_UIApplicationSceneManifest_Generation = YES;
				INFOPLIST_KEY_UIApplicationSupportsIndirectInputEvents = YES;
				INFOPLIST_KEY_UILaunchScreen_Generation = YES;
				INFOPLIST_KEY_UISupportedInterfaceOrientations_iPad = "UIInterfaceOrientationPortrait UIInterfaceOrientationPortraitUpsideDown UIInterfaceOrientationLandscapeLeft UIInterfaceOrientationLandscapeRight";
				INFOPLIST_KEY_UISupportedInterfaceOrientations_iPhone = "UIInterfaceOrientationPortrait UIInterfaceOrientationLandscapeLeft UIInterfaceOrientationLandscapeRight";
				LD_RUNPATH_SEARCH_PATHS = (
					"$(inherited)",
					"@executable_path/Frameworks",
				);
				MARKETING_VERSION = 1.0;
				PRODUCT_BUNDLE_IDENTIFIER = homeOffice.PatternStore;
				PRODUCT_NAME = "$(TARGET_NAME)";
				SWIFT_EMIT_LOC_STRINGS = YES;
				SWIFT_VERSION = 5.0;
				TARGETED_DEVICE_FAMILY = "1,2";
			};
			name = Debug;
		};
		02FE9B422AC93C5400BE555E /* Release */ = {
			isa = XCBuildConfiguration;
			buildSettings = {
				ASSETCATALOG_COMPILER_APPICON_NAME = AppIcon;
				ASSETCATALOG_COMPILER_GLOBAL_ACCENT_COLOR_NAME = AccentColor;
				CODE_SIGN_STYLE = Automatic;
				CURRENT_PROJECT_VERSION = 1;
				DEVELOPMENT_ASSET_PATHS = "\"PatternStore/Preview Content\"";
				DEVELOPMENT_TEAM = 2L568N4PXS;
				ENABLE_PREVIEWS = YES;
				GENERATE_INFOPLIST_FILE = YES;
				INFOPLIST_KEY_UIApplicationSceneManifest_Generation = YES;
				INFOPLIST_KEY_UIApplicationSupportsIndirectInputEvents = YES;
				INFOPLIST_KEY_UILaunchScreen_Generation = YES;
				INFOPLIST_KEY_UISupportedInterfaceOrientations_iPad = "UIInterfaceOrientationPortrait UIInterfaceOrientationPortraitUpsideDown UIInterfaceOrientationLandscapeLeft UIInterfaceOrientationLandscapeRight";
				INFOPLIST_KEY_UISupportedInterfaceOrientations_iPhone = "UIInterfaceOrientationPortrait UIInterfaceOrientationLandscapeLeft UIInterfaceOrientationLandscapeRight";
				LD_RUNPATH_SEARCH_PATHS = (
					"$(inherited)",
					"@executable_path/Frameworks",
				);
				MARKETING_VERSION = 1.0;
				PRODUCT_BUNDLE_IDENTIFIER = homeOffice.PatternStore;
				PRODUCT_NAME = "$(TARGET_NAME)";
				SWIFT_EMIT_LOC_STRINGS = YES;
				SWIFT_VERSION = 5.0;
				TARGETED_DEVICE_FAMILY = "1,2";
			};
			name = Release;
		};
		02FE9B442AC93C5400BE555E /* Debug */ = {
			isa = XCBuildConfiguration;
			buildSettings = {
				ALWAYS_EMBED_SWIFT_STANDARD_LIBRARIES = YES;
				BUNDLE_LOADER = "$(TEST_HOST)";
				CODE_SIGN_STYLE = Automatic;
				CURRENT_PROJECT_VERSION = 1;
				DEVELOPMENT_TEAM = 2L568N4PXS;
				GENERATE_INFOPLIST_FILE = YES;
				IPHONEOS_DEPLOYMENT_TARGET = 16.4;
				MARKETING_VERSION = 1.0;
				PRODUCT_BUNDLE_IDENTIFIER = homeOffice.PatternStoreTests;
				PRODUCT_NAME = "$(TARGET_NAME)";
				SWIFT_EMIT_LOC_STRINGS = NO;
				SWIFT_VERSION = 5.0;
				TARGETED_DEVICE_FAMILY = "1,2";
				TEST_HOST = "$(BUILT_PRODUCTS_DIR)/PatternStore.app/$(BUNDLE_EXECUTABLE_FOLDER_PATH)/PatternStore";
			};
			name = Debug;
		};
		02FE9B452AC93C5400BE555E /* Release */ = {
			isa = XCBuildConfiguration;
			buildSettings = {
				ALWAYS_EMBED_SWIFT_STANDARD_LIBRARIES = YES;
				BUNDLE_LOADER = "$(TEST_HOST)";
				CODE_SIGN_STYLE = Automatic;
				CURRENT_PROJECT_VERSION = 1;
				DEVELOPMENT_TEAM = 2L568N4PXS;
				GENERATE_INFOPLIST_FILE = YES;
				IPHONEOS_DEPLOYMENT_TARGET = 16.4;
				MARKETING_VERSION = 1.0;
				PRODUCT_BUNDLE_IDENTIFIER = homeOffice.PatternStoreTests;
				PRODUCT_NAME = "$(TARGET_NAME)";
				SWIFT_EMIT_LOC_STRINGS = NO;
				SWIFT_VERSION = 5.0;
				TARGETED_DEVICE_FAMILY = "1,2";
				TEST_HOST = "$(BUILT_PRODUCTS_DIR)/PatternStore.app/$(BUNDLE_EXECUTABLE_FOLDER_PATH)/PatternStore";
			};
			name = Release;
		};
		02FE9B472AC93C5400BE555E /* Debug */ = {
			isa = XCBuildConfiguration;
			buildSettings = {
				ALWAYS_EMBED_SWIFT_STANDARD_LIBRARIES = YES;
				CODE_SIGN_STYLE = Automatic;
				CURRENT_PROJECT_VERSION = 1;
				DEVELOPMENT_TEAM = 2L568N4PXS;
				GENERATE_INFOPLIST_FILE = YES;
				MARKETING_VERSION = 1.0;
				PRODUCT_BUNDLE_IDENTIFIER = homeOffice.PatternStoreUITests;
				PRODUCT_NAME = "$(TARGET_NAME)";
				SWIFT_EMIT_LOC_STRINGS = NO;
				SWIFT_VERSION = 5.0;
				TARGETED_DEVICE_FAMILY = "1,2";
				TEST_TARGET_NAME = PatternStore;
			};
			name = Debug;
		};
		02FE9B482AC93C5400BE555E /* Release */ = {
			isa = XCBuildConfiguration;
			buildSettings = {
				ALWAYS_EMBED_SWIFT_STANDARD_LIBRARIES = YES;
				CODE_SIGN_STYLE = Automatic;
				CURRENT_PROJECT_VERSION = 1;
				DEVELOPMENT_TEAM = 2L568N4PXS;
				GENERATE_INFOPLIST_FILE = YES;
				MARKETING_VERSION = 1.0;
				PRODUCT_BUNDLE_IDENTIFIER = homeOffice.PatternStoreUITests;
				PRODUCT_NAME = "$(TARGET_NAME)";
				SWIFT_EMIT_LOC_STRINGS = NO;
				SWIFT_VERSION = 5.0;
				TARGETED_DEVICE_FAMILY = "1,2";
				TEST_TARGET_NAME = PatternStore;
			};
			name = Release;
		};
/* End XCBuildConfiguration section */

/* Begin XCConfigurationList section */
		02FE9B172AC93C5200BE555E /* Build configuration list for PBXProject "PatternStore" */ = {
			isa = XCConfigurationList;
			buildConfigurations = (
				02FE9B3E2AC93C5400BE555E /* Debug */,
				02FE9B3F2AC93C5400BE555E /* Release */,
			);
			defaultConfigurationIsVisible = 0;
			defaultConfigurationName = Release;
		};
		02FE9B402AC93C5400BE555E /* Build configuration list for PBXNativeTarget "PatternStore" */ = {
			isa = XCConfigurationList;
			buildConfigurations = (
				02FE9B412AC93C5400BE555E /* Debug */,
				02FE9B422AC93C5400BE555E /* Release */,
			);
			defaultConfigurationIsVisible = 0;
			defaultConfigurationName = Release;
		};
		02FE9B432AC93C5400BE555E /* Build configuration list for PBXNativeTarget "PatternStoreTests" */ = {
			isa = XCConfigurationList;
			buildConfigurations = (
				02FE9B442AC93C5400BE555E /* Debug */,
				02FE9B452AC93C5400BE555E /* Release */,
			);
			defaultConfigurationIsVisible = 0;
			defaultConfigurationName = Release;
		};
		02FE9B462AC93C5400BE555E /* Build configuration list for PBXNativeTarget "PatternStoreUITests" */ = {
			isa = XCConfigurationList;
			buildConfigurations = (
				02FE9B472AC93C5400BE555E /* Debug */,
				02FE9B482AC93C5400BE555E /* Release */,
			);
			defaultConfigurationIsVisible = 0;
			defaultConfigurationName = Release;
		};
/* End XCConfigurationList section */
	};
	rootObject = 02FE9B142AC93C5200BE555E /* Project object */;
}
